PODS:
  - AFNetworking (0.10.1)
  - Kiwi (2.2.2):
    - Kiwi/SenTestingKit
  - Kiwi/ARC (2.2.2)
  - Kiwi/NonARC (2.2.2)
  - Kiwi/SenTestingKit (2.2.2):
    - Kiwi/ARC
    - Kiwi/NonARC
  - MAObjCRuntime (0.0.1)
  - NSData+Base64 (1.0.0)
  - SPSuccinct (1.0.1)
  - yajl (2.0.4)

DEPENDENCIES:
  - AFNetworking (= 0.10.1)
  - Kiwi (~> 2.2.2)
  - MAObjCRuntime (~> 0.0.1)
  - NSData+Base64 (~> 1.0.0)
  - SPSuccinct (~> 1.0.1)
  - yajl (~> 2.0.4)

SPEC CHECKSUMS:
  AFNetworking: df1042246c17373b96f12f04bf5c6e1c25992cd4
  Kiwi: 03539aeb004ccd42bdbc31253617b26364315df4
  MAObjCRuntime: 284004079156d10cb8237bc3ffcfa3a0e1a0af22
  NSData+Base64: 4819562faee4544e3cf5703f2139820b09732b28
  SPSuccinct: 2d8c872e649c879734353d9463acce04a8dd185b
  yajl: f578f337f0488dc873bcda2d80e32ac8cf402d04

COCOAPODS: 0.26.2
